
Microsoft Visual Studio Solution File, Format Version 12.00
# Visual Studio 15
VisualStudioVersion = 15.0.28307.779
MinimumVisualStudioVersion = 10.0.40219.1
Project("{FAE04EC0-301F-11D3-BF4B-00C04F79EFBC}") = "Crud", "Crud\Crud.csproj", "{944B2578-A1B3-4982-8853-83C1FD807173}"
EndProject
Global
	GlobalSection(SolutionConfigurationPlatforms) = preSolution
		Debug|Any CPU = Debug|Any CPU
		Release|Any CPU = Release|Any CPU
	EndGlobalSection
	GlobalSection(ProjectConfigurationPlatforms) = postSolution
		{944B2578-A1B3-4982-8853-83C1FD807173}.Debug|Any CPU.ActiveCfg = Debug|Any CPU
		{944B2578-A1B3-4982-8853-83C1FD807173}.Debug|Any CPU.Build.0 = Debug|Any CPU
		{944B2578-A1B3-4982-8853-83C1FD807173}.Release|Any CPU.ActiveCfg = Release|Any CPU
		{944B2578-A1B3-4982-8853-83C1FD807173}.Release|Any CPU.Build.0 = Release|Any CPU
	EndGlobalSection
	GlobalSection(SolutionProperties) = preSolution
		HideSolutionNode = FALSE
	EndGlobalSection
	GlobalSection(ExtensibilityGlobals) = postSolution
		SolutionGuid = {D457B7F1-13BF-4648-BD9A-4B08215985E7}
	EndGlobalSection
EndGlobal
